
Microsoft Visual Studio Solution File, Format Version 12.00
# Visual Studio 15
VisualStudioVersion = 15.0.28307.421
MinimumVisualStudioVersion = 10.0.40219.1
Project("{FAE04EC0-301F-11D3-BF4B-00C04F79EFBC}") = "AdviseeGPATracker", "AdviseeGPATracker\AdviseeGPATracker.csproj", "{A28C7E1A-2B9A-4F18-9233-88AF7551313A}"
EndProject
Global
	GlobalSection(SolutionConfigurationPlatforms) = preSolution
		Debug|Any CPU = Debug|Any CPU
		Release|Any CPU = Release|Any CPU
	EndGlobalSection
	GlobalSection(ProjectConfigurationPlatforms) = postSolution
		{A28C7E1A-2B9A-4F18-9233-88AF7551313A}.Debug|Any CPU.ActiveCfg = Debug|Any CPU
		{A28C7E1A-2B9A-4F18-9233-88AF7551313A}.Debug|Any CPU.Build.0 = Debug|Any CPU
		{A28C7E1A-2B9A-4F18-9233-88AF7551313A}.Release|Any CPU.ActiveCfg = Release|Any CPU
		{A28C7E1A-2B9A-4F18-9233-88AF7551313A}.Release|Any CPU.Build.0 = Release|Any CPU
	EndGlobalSection
	GlobalSection(SolutionProperties) = preSolution
		HideSolutionNode = FALSE
	EndGlobalSection
	GlobalSection(ExtensibilityGlobals) = postSolution
		SolutionGuid = {DD4B8A56-69C3-4B76-BD0E-260AF2317AA9}
	EndGlobalSection
EndGlobal
